
Microsoft Visual Studio Solution File, Format Version 12.00
# Visual Studio Version 17
VisualStudioVersion = 17.14.36221.1 d17.14
MinimumVisualStudioVersion = 10.0.40219.1
Project("{FAE04EC0-301F-11D3-BF4B-00C04F79EFBC}") = "WSBSD FreeBSD 14.3", "WSBSD FreeBSD 14.3\WSBSD FreeBSD 14.3.csproj", "{F485F26D-4EF8-4BEE-8188-531146483DEB}"
EndProject
Global
	GlobalSection(SolutionConfigurationPlatforms) = preSolution
		Debug|Any CPU = Debug|Any CPU
		Release|Any CPU = Release|Any CPU
	EndGlobalSection
	GlobalSection(ProjectConfigurationPlatforms) = postSolution
		{F485F26D-4EF8-4BEE-8188-531146483DEB}.Debug|Any CPU.ActiveCfg = Debug|Any CPU
		{F485F26D-4EF8-4BEE-8188-531146483DEB}.Debug|Any CPU.Build.0 = Debug|Any CPU
		{F485F26D-4EF8-4BEE-8188-531146483DEB}.Release|Any CPU.ActiveCfg = Release|Any CPU
		{F485F26D-4EF8-4BEE-8188-531146483DEB}.Release|Any CPU.Build.0 = Release|Any CPU
	EndGlobalSection
	GlobalSection(SolutionProperties) = preSolution
		HideSolutionNode = FALSE
	EndGlobalSection
	GlobalSection(ExtensibilityGlobals) = postSolution
		SolutionGuid = {4C779146-39A6-4E9F-8901-F0A58602328D}
	EndGlobalSection
EndGlobal
